
Microsoft Visual Studio Solution File, Format Version 12.00
# Visual Studio Version 16
VisualStudioVersion = 16.0.29920.165
MinimumVisualStudioVersion = 10.0.40219.1
Project("{2150E333-8FDC-42A3-9474-1A3956D46DE8}") = "src", "src", "{806E44DF-5C37-443E-8627-007D8D93F044}"
EndProject
Project("{FAE04EC0-301F-11D3-BF4B-00C04F79EFBC}") = "Jannesrsa.Tools.AssemblyReference", "src\Jannesrsa.Tools.AssemblyReference.csproj", "{142815A2-13F9-429C-8AF5-680313BC952C}"
EndProject
Global
	GlobalSection(SolutionConfigurationPlatforms) = preSolution
		Debug|Any CPU = Debug|Any CPU
		Release|Any CPU = Release|Any CPU
	EndGlobalSection
	GlobalSection(ProjectConfigurationPlatforms) = postSolution
		{142815A2-13F9-429C-8AF5-680313BC952C}.Debug|Any CPU.ActiveCfg = Debug|Any CPU
		{142815A2-13F9-429C-8AF5-680313BC952C}.Debug|Any CPU.Build.0 = Debug|Any CPU
		{142815A2-13F9-429C-8AF5-680313BC952C}.Release|Any CPU.ActiveCfg = Release|Any CPU
		{142815A2-13F9-429C-8AF5-680313BC952C}.Release|Any CPU.Build.0 = Release|Any CPU
	EndGlobalSection
	GlobalSection(SolutionProperties) = preSolution
		HideSolutionNode = FALSE
	EndGlobalSection
	GlobalSection(NestedProjects) = preSolution
		{142815A2-13F9-429C-8AF5-680313BC952C} = {806E44DF-5C37-443E-8627-007D8D93F044}
	EndGlobalSection
	GlobalSection(ExtensibilityGlobals) = postSolution
		SolutionGuid = {E62441EF-5256-4B69-9F5C-B9E52B62642A}
	EndGlobalSection
EndGlobal
